
Microsoft Visual Studio Solution File, Format Version 12.00
# Visual Studio 15
VisualStudioVersion = 15.0.26124.0
MinimumVisualStudioVersion = 15.0.26124.0
Project("{2150E333-8FDC-42A3-9474-1A3956D46DE8}") = "src", "src", "{BEFF2E46-9E59-404A-BA35-3FA828FF4830}"
EndProject
Project("{FAE04EC0-301F-11D3-BF4B-00C04F79EFBC}") = "Softplan.Calc.Api", "src\Softplan.Calc.Api\Softplan.Calc.Api.csproj", "{9C8B2997-EEBC-4495-B748-A8BC6801E86B}"
EndProject
Project("{FAE04EC0-301F-11D3-BF4B-00C04F79EFBC}") = "Softplan.Calc.Domain", "src\Softplan.Calc.Domain\Softplan.Calc.Domain.csproj", "{0383E11C-9C18-4630-AECF-CC5366A6A09F}"
EndProject
Project("{2150E333-8FDC-42A3-9474-1A3956D46DE8}") = "tests", "tests", "{BBD78E62-B097-45C1-8AF2-018B69C58643}"
EndProject
Project("{FAE04EC0-301F-11D3-BF4B-00C04F79EFBC}") = "Softplan.Calc.Domain.Tests", "tests\Softplan.Calc.Domain.Tests\Softplan.Calc.Domain.Tests.csproj", "{1C767B2F-C38C-4EE3-AE05-00508FBCE308}"
EndProject
Project("{FAE04EC0-301F-11D3-BF4B-00C04F79EFBC}") = "Softplan.Calc.IntegrationTests", "tests\Softplan.Calc.IntegrationTests\Softplan.Calc.IntegrationTests.csproj", "{B7C50E17-865E-4189-B24E-066D126ED0D5}"
EndProject
Global
	GlobalSection(SolutionConfigurationPlatforms) = preSolution
		Debug|Any CPU = Debug|Any CPU
		Debug|x64 = Debug|x64
		Debug|x86 = Debug|x86
		Release|Any CPU = Release|Any CPU
		Release|x64 = Release|x64
		Release|x86 = Release|x86
	EndGlobalSection
	GlobalSection(SolutionProperties) = preSolution
		HideSolutionNode = FALSE
	EndGlobalSection
	GlobalSection(ProjectConfigurationPlatforms) = postSolution
		{9C8B2997-EEBC-4495-B748-A8BC6801E86B}.Debug|Any CPU.ActiveCfg = Debug|Any CPU
		{9C8B2997-EEBC-4495-B748-A8BC6801E86B}.Debug|Any CPU.Build.0 = Debug|Any CPU
		{9C8B2997-EEBC-4495-B748-A8BC6801E86B}.Debug|x64.ActiveCfg = Debug|Any CPU
		{9C8B2997-EEBC-4495-B748-A8BC6801E86B}.Debug|x64.Build.0 = Debug|Any CPU
		{9C8B2997-EEBC-4495-B748-A8BC6801E86B}.Debug|x86.ActiveCfg = Debug|Any CPU
		{9C8B2997-EEBC-4495-B748-A8BC6801E86B}.Debug|x86.Build.0 = Debug|Any CPU
		{9C8B2997-EEBC-4495-B748-A8BC6801E86B}.Release|Any CPU.ActiveCfg = Release|Any CPU
		{9C8B2997-EEBC-4495-B748-A8BC6801E86B}.Release|Any CPU.Build.0 = Release|Any CPU
		{9C8B2997-EEBC-4495-B748-A8BC6801E86B}.Release|x64.ActiveCfg = Release|Any CPU
		{9C8B2997-EEBC-4495-B748-A8BC6801E86B}.Release|x64.Build.0 = Release|Any CPU
		{9C8B2997-EEBC-4495-B748-A8BC6801E86B}.Release|x86.ActiveCfg = Release|Any CPU
		{9C8B2997-EEBC-4495-B748-A8BC6801E86B}.Release|x86.Build.0 = Release|Any CPU
		{0383E11C-9C18-4630-AECF-CC5366A6A09F}.Debug|Any CPU.ActiveCfg = Debug|Any CPU
		{0383E11C-9C18-4630-AECF-CC5366A6A09F}.Debug|Any CPU.Build.0 = Debug|Any CPU
		{0383E11C-9C18-4630-AECF-CC5366A6A09F}.Debug|x64.ActiveCfg = Debug|Any CPU
		{0383E11C-9C18-4630-AECF-CC5366A6A09F}.Debug|x64.Build.0 = Debug|Any CPU
		{0383E11C-9C18-4630-AECF-CC5366A6A09F}.Debug|x86.ActiveCfg = Debug|Any CPU
		{0383E11C-9C18-4630-AECF-CC5366A6A09F}.Debug|x86.Build.0 = Debug|Any CPU
		{0383E11C-9C18-4630-AECF-CC5366A6A09F}.Release|Any CPU.ActiveCfg = Release|Any CPU
		{0383E11C-9C18-4630-AECF-CC5366A6A09F}.Release|Any CPU.Build.0 = Release|Any CPU
		{0383E11C-9C18-4630-AECF-CC5366A6A09F}.Release|x64.ActiveCfg = Release|Any CPU
		{0383E11C-9C18-4630-AECF-CC5366A6A09F}.Release|x64.Build.0 = Release|Any CPU
		{0383E11C-9C18-4630-AECF-CC5366A6A09F}.Release|x86.ActiveCfg = Release|Any CPU
		{0383E11C-9C18-4630-AECF-CC5366A6A09F}.Release|x86.Build.0 = Release|Any CPU
		{1C767B2F-C38C-4EE3-AE05-00508FBCE308}.Debug|Any CPU.ActiveCfg = Debug|Any CPU
		{1C767B2F-C38C-4EE3-AE05-00508FBCE308}.Debug|Any CPU.Build.0 = Debug|Any CPU
		{1C767B2F-C38C-4EE3-AE05-00508FBCE308}.Debug|x64.ActiveCfg = Debug|Any CPU
		{1C767B2F-C38C-4EE3-AE05-00508FBCE308}.Debug|x64.Build.0 = Debug|Any CPU
		{1C767B2F-C38C-4EE3-AE05-00508FBCE308}.Debug|x86.ActiveCfg = Debug|Any CPU
		{1C767B2F-C38C-4EE3-AE05-00508FBCE308}.Debug|x86.Build.0 = Debug|Any CPU
		{1C767B2F-C38C-4EE3-AE05-00508FBCE308}.Release|Any CPU.ActiveCfg = Release|Any CPU
		{1C767B2F-C38C-4EE3-AE05-00508FBCE308}.Release|Any CPU.Build.0 = Release|Any CPU
		{1C767B2F-C38C-4EE3-AE05-00508FBCE308}.Release|x64.ActiveCfg = Release|Any CPU
		{1C767B2F-C38C-4EE3-AE05-00508FBCE308}.Release|x64.Build.0 = Release|Any CPU
		{1C767B2F-C38C-4EE3-AE05-00508FBCE308}.Release|x86.ActiveCfg = Release|Any CPU
		{1C767B2F-C38C-4EE3-AE05-00508FBCE308}.Release|x86.Build.0 = Release|Any CPU
		{B7C50E17-865E-4189-B24E-066D126ED0D5}.Debug|Any CPU.ActiveCfg = Debug|Any CPU
		{B7C50E17-865E-4189-B24E-066D126ED0D5}.Debug|Any CPU.Build.0 = Debug|Any CPU
		{B7C50E17-865E-4189-B24E-066D126ED0D5}.Debug|x64.ActiveCfg = Debug|Any CPU
		{B7C50E17-865E-4189-B24E-066D126ED0D5}.Debug|x64.Build.0 = Debug|Any CPU
		{B7C50E17-865E-4189-B24E-066D126ED0D5}.Debug|x86.ActiveCfg = Debug|Any CPU
		{B7C50E17-865E-4189-B24E-066D126ED0D5}.Debug|x86.Build.0 = Debug|Any CPU
		{B7C50E17-865E-4189-B24E-066D126ED0D5}.Release|Any CPU.ActiveCfg = Release|Any CPU
		{B7C50E17-865E-4189-B24E-066D126ED0D5}.Release|Any CPU.Build.0 = Release|Any CPU
		{B7C50E17-865E-4189-B24E-066D126ED0D5}.Release|x64.ActiveCfg = Release|Any CPU
		{B7C50E17-865E-4189-B24E-066D126ED0D5}.Release|x64.Build.0 = Release|Any CPU
		{B7C50E17-865E-4189-B24E-066D126ED0D5}.Release|x86.ActiveCfg = Release|Any CPU
		{B7C50E17-865E-4189-B24E-066D126ED0D5}.Release|x86.Build.0 = Release|Any CPU
	EndGlobalSection
	GlobalSection(NestedProjects) = preSolution
		{9C8B2997-EEBC-4495-B748-A8BC6801E86B} = {BEFF2E46-9E59-404A-BA35-3FA828FF4830}
		{0383E11C-9C18-4630-AECF-CC5366A6A09F} = {BEFF2E46-9E59-404A-BA35-3FA828FF4830}
		{1C767B2F-C38C-4EE3-AE05-00508FBCE308} = {BBD78E62-B097-45C1-8AF2-018B69C58643}
		{B7C50E17-865E-4189-B24E-066D126ED0D5} = {BBD78E62-B097-45C1-8AF2-018B69C58643}
	EndGlobalSection
EndGlobal
